
Microsoft Visual Studio Solution File, Format Version 12.00
# Visual Studio Version 17
VisualStudioVersion = 17.1.32228.430
MinimumVisualStudioVersion = 10.0.40219.1
Project("{9A19103F-16F7-4668-BE54-9A1E7A4F7556}") = "WpfApplication.WpfUI", "WpfApplication.WpfUI\WpfApplication.WpfUI.csproj", "{C8C2BAB7-5000-49A0-AA90-B5518CC03979}"
EndProject
Project("{2150E333-8FDC-42A3-9474-1A3956D46DE8}") = "Solution Items", "Solution Items", "{C9DDFBB5-D82F-4AF5-965A-2848BD82880B}"
	ProjectSection(SolutionItems) = preProject
		.editorconfig = .editorconfig
		create-database.bat = create-database.bat
		#if (!LicenseIdentifierIsEmpty)
		LICENSE = LICENSE
		#endif
		stylecop.json = stylecop.json
	EndProjectSection
EndProject
Global
	GlobalSection(SolutionConfigurationPlatforms) = preSolution
		Debug|Any CPU = Debug|Any CPU
		Release|Any CPU = Release|Any CPU
	EndGlobalSection
	GlobalSection(ProjectConfigurationPlatforms) = postSolution
		{C8C2BAB7-5000-49A0-AA90-B5518CC03979}.Debug|Any CPU.ActiveCfg = Debug|Any CPU
		{C8C2BAB7-5000-49A0-AA90-B5518CC03979}.Debug|Any CPU.Build.0 = Debug|Any CPU
		{C8C2BAB7-5000-49A0-AA90-B5518CC03979}.Release|Any CPU.ActiveCfg = Release|Any CPU
		{C8C2BAB7-5000-49A0-AA90-B5518CC03979}.Release|Any CPU.Build.0 = Release|Any CPU
	EndGlobalSection
	GlobalSection(SolutionProperties) = preSolution
		HideSolutionNode = FALSE
	EndGlobalSection
EndGlobal
