
Microsoft Visual Studio Solution File, Format Version 12.00
# Visual Studio Version 17
VisualStudioVersion = 17.1.32319.34
MinimumVisualStudioVersion = 10.0.40219.1
Project("{9A19103F-16F7-4668-BE54-9A1E7A4F7556}") = "WebApiApplication.Api", "WebApiApplication.Api\WebApiApplication.Api.csproj", "{7A01B57B-AD48-406C-B4B2-FD2B52A9286F}"
EndProject
Project("{2150E333-8FDC-42A3-9474-1A3956D46DE8}") = "Solution Items", "Solution Items", "{36FF5F32-29BE-4138-A26F-2F45BFD326A5}"
	ProjectSection(SolutionItems) = preProject
		.editorconfig = .editorconfig
		create-database.bat = create-database.bat
		#if (!LicenseIdentifierIsEmpty)
		LICENSE = LICENSE
		#endif
		stylecop.json = stylecop.json
	EndProjectSection
EndProject
Global
	GlobalSection(SolutionConfigurationPlatforms) = preSolution
		Debug|Any CPU = Debug|Any CPU
		Release|Any CPU = Release|Any CPU
	EndGlobalSection
	GlobalSection(ProjectConfigurationPlatforms) = postSolution
		{7A01B57B-AD48-406C-B4B2-FD2B52A9286F}.Debug|Any CPU.ActiveCfg = Debug|Any CPU
		{7A01B57B-AD48-406C-B4B2-FD2B52A9286F}.Debug|Any CPU.Build.0 = Debug|Any CPU
		{7A01B57B-AD48-406C-B4B2-FD2B52A9286F}.Release|Any CPU.ActiveCfg = Release|Any CPU
		{7A01B57B-AD48-406C-B4B2-FD2B52A9286F}.Release|Any CPU.Build.0 = Release|Any CPU
	EndGlobalSection
	GlobalSection(SolutionProperties) = preSolution
		HideSolutionNode = FALSE
	EndGlobalSection
	GlobalSection(ExtensibilityGlobals) = postSolution
		SolutionGuid = {9D942122-999B-484E-9DBA-CBF64FC01F49}
	EndGlobalSection
EndGlobal
